
Microsoft Visual Studio Solution File, Format Version 12.00
# Visual Studio Version 17
VisualStudioVersion = 17.14.36221.1 d17.14
MinimumVisualStudioVersion = 10.0.40219.1
Project("{FAE04EC0-301F-11D3-BF4B-00C04F79EFBC}") = "ProjetoFinal", "ProjetoFinal.csproj", "{8E954855-4024-4F60-A2E8-EE9BF38F1A50}"
EndProject
Global
	GlobalSection(SolutionConfigurationPlatforms) = preSolution
		Debug|Any CPU = Debug|Any CPU
		Release|Any CPU = Release|Any CPU
	EndGlobalSection
	GlobalSection(ProjectConfigurationPlatforms) = postSolution
		{8E954855-4024-4F60-A2E8-EE9BF38F1A50}.Debug|Any CPU.ActiveCfg = Debug|Any CPU
		{8E954855-4024-4F60-A2E8-EE9BF38F1A50}.Debug|Any CPU.Build.0 = Debug|Any CPU
		{8E954855-4024-4F60-A2E8-EE9BF38F1A50}.Release|Any CPU.ActiveCfg = Release|Any CPU
		{8E954855-4024-4F60-A2E8-EE9BF38F1A50}.Release|Any CPU.Build.0 = Release|Any CPU
	EndGlobalSection
	GlobalSection(SolutionProperties) = preSolution
		HideSolutionNode = FALSE
	EndGlobalSection
	GlobalSection(ExtensibilityGlobals) = postSolution
		SolutionGuid = {CB70F894-7670-41BA-9EE8-77A1A55A4C67}
	EndGlobalSection
EndGlobal
